
Microsoft Visual Studio Solution File, Format Version 12.00
# Visual Studio Version 17
VisualStudioVersion = 17.9.34728.123
MinimumVisualStudioVersion = 10.0.40219.1
Project("{FAE04EC0-301F-11D3-BF4B-00C04F79EFBC}") = "BibliotecaVirtual", "BibliotecaVirtual.csproj", "{6C9C4C03-D66F-4B8F-9A01-1139381360ED}"
EndProject
Project("{FAE04EC0-301F-11D3-BF4B-00C04F79EFBC}") = "FormBibliotecaVirtual", "..\FormBibliotecaVirtual\FormBibliotecaVirtual.csproj", "{3FEE0925-3D50-438E-8AA4-5C9CFB6F554D}"
EndProject
Global
	GlobalSection(SolutionConfigurationPlatforms) = preSolution
		Debug|Any CPU = Debug|Any CPU
		Release|Any CPU = Release|Any CPU
	EndGlobalSection
	GlobalSection(ProjectConfigurationPlatforms) = postSolution
		{6C9C4C03-D66F-4B8F-9A01-1139381360ED}.Debug|Any CPU.ActiveCfg = Debug|Any CPU
		{6C9C4C03-D66F-4B8F-9A01-1139381360ED}.Debug|Any CPU.Build.0 = Debug|Any CPU
		{6C9C4C03-D66F-4B8F-9A01-1139381360ED}.Release|Any CPU.ActiveCfg = Release|Any CPU
		{6C9C4C03-D66F-4B8F-9A01-1139381360ED}.Release|Any CPU.Build.0 = Release|Any CPU
		{3FEE0925-3D50-438E-8AA4-5C9CFB6F554D}.Debug|Any CPU.ActiveCfg = Debug|Any CPU
		{3FEE0925-3D50-438E-8AA4-5C9CFB6F554D}.Debug|Any CPU.Build.0 = Debug|Any CPU
		{3FEE0925-3D50-438E-8AA4-5C9CFB6F554D}.Release|Any CPU.ActiveCfg = Release|Any CPU
		{3FEE0925-3D50-438E-8AA4-5C9CFB6F554D}.Release|Any CPU.Build.0 = Release|Any CPU
	EndGlobalSection
	GlobalSection(SolutionProperties) = preSolution
		HideSolutionNode = FALSE
	EndGlobalSection
	GlobalSection(ExtensibilityGlobals) = postSolution
		SolutionGuid = {BB9DBE63-FB9D-490B-B11A-2BDBD5BE1112}
	EndGlobalSection
EndGlobal
